
Microsoft Visual Studio Solution File, Format Version 12.00
# Visual Studio 14
VisualStudioVersion = 14.0.25420.1
MinimumVisualStudioVersion = 10.0.40219.1
Project("{FAE04EC0-301F-11D3-BF4B-00C04F79EFBC}") = "ExcelFile.net.net40", "ExcelFile.net.net40\ExcelFile.net.net40.csproj", "{2F6C45F3-B267-4FDD-8289-8994C635B9B4}"
EndProject
Project("{FAE04EC0-301F-11D3-BF4B-00C04F79EFBC}") = "ExcelFile.net.net45", "ExcelFile.net.net45\ExcelFile.net.net45.csproj", "{ABEB11E4-7AE6-46C0-9BA7-B52061F67A87}"
EndProject
Project("{FAE04EC0-301F-11D3-BF4B-00C04F79EFBC}") = "ExcelFile.net.Example.net40", "ExcelFile.net.Example.net40\ExcelFile.net.Example.net40.csproj", "{ED354521-5030-433B-8095-E47F9AC494CD}"
EndProject
Project("{FAE04EC0-301F-11D3-BF4B-00C04F79EFBC}") = "ExcelFile.net.net451", "ExcelFile.net.net451\ExcelFile.net.net451.csproj", "{1AF53CE0-7B6E-44EA-A600-4B9DDBAE3C24}"
EndProject
Project("{FAE04EC0-301F-11D3-BF4B-00C04F79EFBC}") = "ExcelFile.net.net20", "ExcelFile.net.net20\ExcelFile.net.net20.csproj", "{30DFE181-1161-4DB4-8C60-6D258AE84E62}"
EndProject
Project("{FAE04EC0-301F-11D3-BF4B-00C04F79EFBC}") = "ExcelFile.net.net30", "ExcelFile.net.net30\ExcelFile.net.net30.csproj", "{FEFB340D-4D2D-423B-8E88-F71FA1B0F393}"
EndProject
Project("{FAE04EC0-301F-11D3-BF4B-00C04F79EFBC}") = "ExcelFile.net.net35", "ExcelFile.net.net35\ExcelFile.net.net35.csproj", "{F8F3C18F-1279-491F-BD3F-C416FC1318C1}"
EndProject
Project("{FAE04EC0-301F-11D3-BF4B-00C04F79EFBC}") = "ExcelFile.net.net452", "ExcelFile.net.net452\ExcelFile.net.net452.csproj", "{C3827F35-6C35-46F3-9380-7D1B949929EE}"
EndProject
Project("{FAE04EC0-301F-11D3-BF4B-00C04F79EFBC}") = "ExcelFile.net.net46", "ExcelFile.net.net46\ExcelFile.net.net46.csproj", "{583715BB-C0BF-4090-BEDA-3414C4B4C712}"
EndProject
Project("{FAE04EC0-301F-11D3-BF4B-00C04F79EFBC}") = "ExcelFile.net.net461", "ExcelFile.net.net461\ExcelFile.net.net461.csproj", "{4CDEA593-2E56-4455-B367-CF9BD382E3A9}"
EndProject
Global
	GlobalSection(SolutionConfigurationPlatforms) = preSolution
		Debug|Any CPU = Debug|Any CPU
		Release|Any CPU = Release|Any CPU
	EndGlobalSection
	GlobalSection(ProjectConfigurationPlatforms) = postSolution
		{2F6C45F3-B267-4FDD-8289-8994C635B9B4}.Debug|Any CPU.ActiveCfg = Debug|Any CPU
		{2F6C45F3-B267-4FDD-8289-8994C635B9B4}.Debug|Any CPU.Build.0 = Debug|Any CPU
		{2F6C45F3-B267-4FDD-8289-8994C635B9B4}.Release|Any CPU.ActiveCfg = Release|Any CPU
		{2F6C45F3-B267-4FDD-8289-8994C635B9B4}.Release|Any CPU.Build.0 = Release|Any CPU
		{ABEB11E4-7AE6-46C0-9BA7-B52061F67A87}.Debug|Any CPU.ActiveCfg = Debug|Any CPU
		{ABEB11E4-7AE6-46C0-9BA7-B52061F67A87}.Debug|Any CPU.Build.0 = Debug|Any CPU
		{ABEB11E4-7AE6-46C0-9BA7-B52061F67A87}.Release|Any CPU.ActiveCfg = Release|Any CPU
		{ABEB11E4-7AE6-46C0-9BA7-B52061F67A87}.Release|Any CPU.Build.0 = Release|Any CPU
		{ED354521-5030-433B-8095-E47F9AC494CD}.Debug|Any CPU.ActiveCfg = Debug|Any CPU
		{ED354521-5030-433B-8095-E47F9AC494CD}.Debug|Any CPU.Build.0 = Debug|Any CPU
		{ED354521-5030-433B-8095-E47F9AC494CD}.Release|Any CPU.ActiveCfg = Release|Any CPU
		{ED354521-5030-433B-8095-E47F9AC494CD}.Release|Any CPU.Build.0 = Release|Any CPU
		{1AF53CE0-7B6E-44EA-A600-4B9DDBAE3C24}.Debug|Any CPU.ActiveCfg = Debug|Any CPU
		{1AF53CE0-7B6E-44EA-A600-4B9DDBAE3C24}.Debug|Any CPU.Build.0 = Debug|Any CPU
		{1AF53CE0-7B6E-44EA-A600-4B9DDBAE3C24}.Release|Any CPU.ActiveCfg = Release|Any CPU
		{1AF53CE0-7B6E-44EA-A600-4B9DDBAE3C24}.Release|Any CPU.Build.0 = Release|Any CPU
		{30DFE181-1161-4DB4-8C60-6D258AE84E62}.Debug|Any CPU.ActiveCfg = Debug|Any CPU
		{30DFE181-1161-4DB4-8C60-6D258AE84E62}.Debug|Any CPU.Build.0 = Debug|Any CPU
		{30DFE181-1161-4DB4-8C60-6D258AE84E62}.Release|Any CPU.ActiveCfg = Release|Any CPU
		{30DFE181-1161-4DB4-8C60-6D258AE84E62}.Release|Any CPU.Build.0 = Release|Any CPU
		{FEFB340D-4D2D-423B-8E88-F71FA1B0F393}.Debug|Any CPU.ActiveCfg = Debug|Any CPU
		{FEFB340D-4D2D-423B-8E88-F71FA1B0F393}.Debug|Any CPU.Build.0 = Debug|Any CPU
		{FEFB340D-4D2D-423B-8E88-F71FA1B0F393}.Release|Any CPU.ActiveCfg = Release|Any CPU
		{FEFB340D-4D2D-423B-8E88-F71FA1B0F393}.Release|Any CPU.Build.0 = Release|Any CPU
		{F8F3C18F-1279-491F-BD3F-C416FC1318C1}.Debug|Any CPU.ActiveCfg = Debug|Any CPU
		{F8F3C18F-1279-491F-BD3F-C416FC1318C1}.Debug|Any CPU.Build.0 = Debug|Any CPU
		{F8F3C18F-1279-491F-BD3F-C416FC1318C1}.Release|Any CPU.ActiveCfg = Release|Any CPU
		{F8F3C18F-1279-491F-BD3F-C416FC1318C1}.Release|Any CPU.Build.0 = Release|Any CPU
		{C3827F35-6C35-46F3-9380-7D1B949929EE}.Debug|Any CPU.ActiveCfg = Debug|Any CPU
		{C3827F35-6C35-46F3-9380-7D1B949929EE}.Debug|Any CPU.Build.0 = Debug|Any CPU
		{C3827F35-6C35-46F3-9380-7D1B949929EE}.Release|Any CPU.ActiveCfg = Release|Any CPU
		{C3827F35-6C35-46F3-9380-7D1B949929EE}.Release|Any CPU.Build.0 = Release|Any CPU
		{583715BB-C0BF-4090-BEDA-3414C4B4C712}.Debug|Any CPU.ActiveCfg = Debug|Any CPU
		{583715BB-C0BF-4090-BEDA-3414C4B4C712}.Debug|Any CPU.Build.0 = Debug|Any CPU
		{583715BB-C0BF-4090-BEDA-3414C4B4C712}.Release|Any CPU.ActiveCfg = Release|Any CPU
		{583715BB-C0BF-4090-BEDA-3414C4B4C712}.Release|Any CPU.Build.0 = Release|Any CPU
		{4CDEA593-2E56-4455-B367-CF9BD382E3A9}.Debug|Any CPU.ActiveCfg = Debug|Any CPU
		{4CDEA593-2E56-4455-B367-CF9BD382E3A9}.Debug|Any CPU.Build.0 = Debug|Any CPU
		{4CDEA593-2E56-4455-B367-CF9BD382E3A9}.Release|Any CPU.ActiveCfg = Release|Any CPU
		{4CDEA593-2E56-4455-B367-CF9BD382E3A9}.Release|Any CPU.Build.0 = Release|Any CPU
	EndGlobalSection
	GlobalSection(SolutionProperties) = preSolution
		HideSolutionNode = FALSE
	EndGlobalSection
EndGlobal
